
Microsoft Visual Studio Solution File, Format Version 12.00
# Visual Studio Version 16
VisualStudioVersion = 16.0.809.10
MinimumVisualStudioVersion = 10.0.40219.1
Project("{FAE04EC0-301F-11D3-BF4B-00C04F79EFBC}") = "CrushOn.API", "CrushOn\CrushOn.API.csproj", "{ACB66C32-5B05-46BC-A79D-7171333A8F00}"
EndProject
Project("{FAE04EC0-301F-11D3-BF4B-00C04F79EFBC}") = "CrushOn.Infrastructure", "CrushOn.Infrastructure\CrushOn.Infrastructure.csproj", "{1E878FD6-2F33-4607-95B3-4F007AD24DF5}"
EndProject
Project("{FAE04EC0-301F-11D3-BF4B-00C04F79EFBC}") = "CrushOn.Core", "CrushOn.Core\CrushOn.Core.csproj", "{2CAF9F81-BA0F-45C0-8660-BB944386B4FA}"
EndProject
Project("{FAE04EC0-301F-11D3-BF4B-00C04F79EFBC}") = "CrushOn.Application", "CrushOn.Application\CrushOn.Application.csproj", "{4DCD0165-8E88-4808-ACBA-9CBA6B0986D6}"
EndProject
Global
	GlobalSection(SolutionConfigurationPlatforms) = preSolution
		Debug|Any CPU = Debug|Any CPU
		Release|Any CPU = Release|Any CPU
	EndGlobalSection
	GlobalSection(ProjectConfigurationPlatforms) = postSolution
		{ACB66C32-5B05-46BC-A79D-7171333A8F00}.Debug|Any CPU.ActiveCfg = Debug|Any CPU
		{ACB66C32-5B05-46BC-A79D-7171333A8F00}.Debug|Any CPU.Build.0 = Debug|Any CPU
		{ACB66C32-5B05-46BC-A79D-7171333A8F00}.Release|Any CPU.ActiveCfg = Release|Any CPU
		{ACB66C32-5B05-46BC-A79D-7171333A8F00}.Release|Any CPU.Build.0 = Release|Any CPU
		{1E878FD6-2F33-4607-95B3-4F007AD24DF5}.Debug|Any CPU.ActiveCfg = Debug|Any CPU
		{1E878FD6-2F33-4607-95B3-4F007AD24DF5}.Debug|Any CPU.Build.0 = Debug|Any CPU
		{1E878FD6-2F33-4607-95B3-4F007AD24DF5}.Release|Any CPU.ActiveCfg = Release|Any CPU
		{1E878FD6-2F33-4607-95B3-4F007AD24DF5}.Release|Any CPU.Build.0 = Release|Any CPU
		{2CAF9F81-BA0F-45C0-8660-BB944386B4FA}.Debug|Any CPU.ActiveCfg = Debug|Any CPU
		{2CAF9F81-BA0F-45C0-8660-BB944386B4FA}.Debug|Any CPU.Build.0 = Debug|Any CPU
		{2CAF9F81-BA0F-45C0-8660-BB944386B4FA}.Release|Any CPU.ActiveCfg = Release|Any CPU
		{2CAF9F81-BA0F-45C0-8660-BB944386B4FA}.Release|Any CPU.Build.0 = Release|Any CPU
		{4DCD0165-8E88-4808-ACBA-9CBA6B0986D6}.Debug|Any CPU.ActiveCfg = Debug|Any CPU
		{4DCD0165-8E88-4808-ACBA-9CBA6B0986D6}.Debug|Any CPU.Build.0 = Debug|Any CPU
		{4DCD0165-8E88-4808-ACBA-9CBA6B0986D6}.Release|Any CPU.ActiveCfg = Release|Any CPU
		{4DCD0165-8E88-4808-ACBA-9CBA6B0986D6}.Release|Any CPU.Build.0 = Release|Any CPU
	EndGlobalSection
	GlobalSection(SolutionProperties) = preSolution
		HideSolutionNode = FALSE
	EndGlobalSection
	GlobalSection(ExtensibilityGlobals) = postSolution
		SolutionGuid = {A0E1EBEF-DAD1-4730-AC51-E10C91D96CD7}
	EndGlobalSection
EndGlobal
